// !$*UTF8*$!
{
	archiveVersion = 1;
	classes = {
	};
	objectVersion = 46;
	objects = {

/* Begin PBXBuildFile section */
		3E13945F1E26D1FB001BE860 /* LineNode.swift in Sources */ = {isa = PBXBuildFile; fileRef = 3E13945E1E26D1FB001BE860 /* LineNode.swift */; };
		3E1394601E26D1FB001BE860 /* LineNode.swift in Sources */ = {isa = PBXBuildFile; fileRef = 3E13945E1E26D1FB001BE860 /* LineNode.swift */; };
		3E1394611E26D1FB001BE860 /* LineNode.swift in Sources */ = {isa = PBXBuildFile; fileRef = 3E13945E1E26D1FB001BE860 /* LineNode.swift */; };
		3E2AA0FE1E16A5D900912C7F /* Assets.xcassets in Resources */ = {isa = PBXBuildFile; fileRef = 3E80B23A1E16A35D0005956A /* Assets.xcassets */; };
		3E2AA1011E16CF2700912C7F /* ExampleScene.swift in Sources */ = {isa = PBXBuildFile; fileRef = 3E2AA1001E16CF2700912C7F /* ExampleScene.swift */; };
		3E2AA1021E16CF2700912C7F /* ExampleScene.swift in Sources */ = {isa = PBXBuildFile; fileRef = 3E2AA1001E16CF2700912C7F /* ExampleScene.swift */; };
		3E65C0BE1E38E84B0083BBE2 /* AnimationCurve.swift in Sources */ = {isa = PBXBuildFile; fileRef = 3E65C0BD1E38E84B0083BBE2 /* AnimationCurve.swift */; };
		3E65C0BF1E38E84B0083BBE2 /* AnimationCurve.swift in Sources */ = {isa = PBXBuildFile; fileRef = 3E65C0BD1E38E84B0083BBE2 /* AnimationCurve.swift */; };
		3E65C0C01E38E84B0083BBE2 /* AnimationCurve.swift in Sources */ = {isa = PBXBuildFile; fileRef = 3E65C0BD1E38E84B0083BBE2 /* AnimationCurve.swift */; };
		3E76602F1E15294900C302BE /* RenderView.swift in Sources */ = {isa = PBXBuildFile; fileRef = 3E76602E1E15294900C302BE /* RenderView.swift */; };
		3E7660371E155B6F00C302BE /* AppDelegate.swift in Sources */ = {isa = PBXBuildFile; fileRef = 3E7660361E155B6F00C302BE /* AppDelegate.swift */; };
		3E7660391E155B6F00C302BE /* ViewController.swift in Sources */ = {isa = PBXBuildFile; fileRef = 3E7660381E155B6F00C302BE /* ViewController.swift */; };
		3E76603E1E155B6F00C302BE /* Main.storyboard in Resources */ = {isa = PBXBuildFile; fileRef = 3E76603C1E155B6F00C302BE /* Main.storyboard */; };
		3E7660431E155B9000C302BE /* Node.swift in Sources */ = {isa = PBXBuildFile; fileRef = 3E8E66DB1DE8787500DBB707 /* Node.swift */; };
		3E7660441E155B9000C302BE /* Scene.swift in Sources */ = {isa = PBXBuildFile; fileRef = 3E8E66DE1DE8789800DBB707 /* Scene.swift */; };
		3E7660451E155B9000C302BE /* TextureNode.swift in Sources */ = {isa = PBXBuildFile; fileRef = 3E8E66E41DE89D4300DBB707 /* TextureNode.swift */; };
		3E7660461E155B9000C302BE /* Screen.swift in Sources */ = {isa = PBXBuildFile; fileRef = 3EAF82021DF30F23003D229F /* Screen.swift */; };
		3E7660471E155B9000C302BE /* Shaders.metal in Sources */ = {isa = PBXBuildFile; fileRef = 3E8E66BC1DE8781600DBB707 /* Shaders.metal */; };
		3E7660491E155B9000C302BE /* RenderView.swift in Sources */ = {isa = PBXBuildFile; fileRef = 3E76602E1E15294900C302BE /* RenderView.swift */; };
		3E76604B1E15619F00C302BE /* Metal.framework in Frameworks */ = {isa = PBXBuildFile; fileRef = 3E76604A1E15619F00C302BE /* Metal.framework */; };
		3E76604D1E1561A400C302BE /* MetalKit.framework in Frameworks */ = {isa = PBXBuildFile; fileRef = 3E76604C1E1561A400C302BE /* MetalKit.framework */; };
		3E76604F1E1561AD00C302BE /* ModelIO.framework in Frameworks */ = {isa = PBXBuildFile; fileRef = 3E76604E1E1561AD00C302BE /* ModelIO.framework */; };
		3E7E02741E1AA4770000165D /* CGPoint+Math.swift in Sources */ = {isa = PBXBuildFile; fileRef = 3E7E02731E1AA4770000165D /* CGPoint+Math.swift */; };
		3E7E02751E1AA4770000165D /* CGPoint+Math.swift in Sources */ = {isa = PBXBuildFile; fileRef = 3E7E02731E1AA4770000165D /* CGPoint+Math.swift */; };
		3E7E02771E1AA4960000165D /* CGSize+Math.swift in Sources */ = {isa = PBXBuildFile; fileRef = 3E7E02761E1AA4960000165D /* CGSize+Math.swift */; };
		3E7E02781E1AA4960000165D /* CGSize+Math.swift in Sources */ = {isa = PBXBuildFile; fileRef = 3E7E02761E1AA4960000165D /* CGSize+Math.swift */; };
		3E7E02791E1AA49B0000165D /* CGPoint+Math.swift in Sources */ = {isa = PBXBuildFile; fileRef = 3E7E02731E1AA4770000165D /* CGPoint+Math.swift */; };
		3E7E027A1E1AA49B0000165D /* CGSize+Math.swift in Sources */ = {isa = PBXBuildFile; fileRef = 3E7E02761E1AA4960000165D /* CGSize+Math.swift */; };
		3E80B2421E16A35D0005956A /* AppDelegate.swift in Sources */ = {isa = PBXBuildFile; fileRef = 3E80B2391E16A35D0005956A /* AppDelegate.swift */; };
		3E80B2431E16A35D0005956A /* Assets.xcassets in Resources */ = {isa = PBXBuildFile; fileRef = 3E80B23A1E16A35D0005956A /* Assets.xcassets */; };
		3E80B2441E16A35D0005956A /* LaunchScreen.storyboard in Resources */ = {isa = PBXBuildFile; fileRef = 3E80B23B1E16A35D0005956A /* LaunchScreen.storyboard */; };
		3E80B2471E16A35D0005956A /* GameViewController.swift in Sources */ = {isa = PBXBuildFile; fileRef = 3E80B2401E16A35D0005956A /* GameViewController.swift */; };
		3E8E66B21DE8781600DBB707 /* Metal.framework in Frameworks */ = {isa = PBXBuildFile; fileRef = 3E8E66B11DE8781600DBB707 /* Metal.framework */; };
		3E8E66B41DE8781600DBB707 /* MetalKit.framework in Frameworks */ = {isa = PBXBuildFile; fileRef = 3E8E66B31DE8781600DBB707 /* MetalKit.framework */; };
		3E8E66B61DE8781600DBB707 /* ModelIO.framework in Frameworks */ = {isa = PBXBuildFile; fileRef = 3E8E66B51DE8781600DBB707 /* ModelIO.framework */; };
		3E8E66BD1DE8781600DBB707 /* Shaders.metal in Sources */ = {isa = PBXBuildFile; fileRef = 3E8E66BC1DE8781600DBB707 /* Shaders.metal */; };
		3E8E66D01DE8781700DBB707 /* Metal2DTests.swift in Sources */ = {isa = PBXBuildFile; fileRef = 3E8E66CF1DE8781700DBB707 /* Metal2DTests.swift */; };
		3E8E66DC1DE8787500DBB707 /* Node.swift in Sources */ = {isa = PBXBuildFile; fileRef = 3E8E66DB1DE8787500DBB707 /* Node.swift */; };
		3E8E66DD1DE8787500DBB707 /* Node.swift in Sources */ = {isa = PBXBuildFile; fileRef = 3E8E66DB1DE8787500DBB707 /* Node.swift */; };
		3E8E66DF1DE8789800DBB707 /* Scene.swift in Sources */ = {isa = PBXBuildFile; fileRef = 3E8E66DE1DE8789800DBB707 /* Scene.swift */; };
		3E8E66E01DE8789800DBB707 /* Scene.swift in Sources */ = {isa = PBXBuildFile; fileRef = 3E8E66DE1DE8789800DBB707 /* Scene.swift */; };
		3E8E66E51DE89D4300DBB707 /* TextureNode.swift in Sources */ = {isa = PBXBuildFile; fileRef = 3E8E66E41DE89D4300DBB707 /* TextureNode.swift */; };
		3E8E66E61DE89D4300DBB707 /* TextureNode.swift in Sources */ = {isa = PBXBuildFile; fileRef = 3E8E66E41DE89D4300DBB707 /* TextureNode.swift */; };
		3EA163F91E36A88100DFDA42 /* Animator.swift in Sources */ = {isa = PBXBuildFile; fileRef = 3EA163F81E36A88100DFDA42 /* Animator.swift */; };
		3EA163FA1E36A88100DFDA42 /* Animator.swift in Sources */ = {isa = PBXBuildFile; fileRef = 3EA163F81E36A88100DFDA42 /* Animator.swift */; };
		3EA163FB1E36A88100DFDA42 /* Animator.swift in Sources */ = {isa = PBXBuildFile; fileRef = 3EA163F81E36A88100DFDA42 /* Animator.swift */; };
		3EAF82031DF30F23003D229F /* Screen.swift in Sources */ = {isa = PBXBuildFile; fileRef = 3EAF82021DF30F23003D229F /* Screen.swift */; };
		3EAF82041DF30F23003D229F /* Screen.swift in Sources */ = {isa = PBXBuildFile; fileRef = 3EAF82021DF30F23003D229F /* Screen.swift */; };
		3EBF1B171E1962B100608E9C /* Interactable.swift in Sources */ = {isa = PBXBuildFile; fileRef = 3EBF1B161E1962B100608E9C /* Interactable.swift */; };
		3EBF1B181E1962B100608E9C /* Interactable.swift in Sources */ = {isa = PBXBuildFile; fileRef = 3EBF1B161E1962B100608E9C /* Interactable.swift */; };
		3EBF1B191E1962B100608E9C /* Interactable.swift in Sources */ = {isa = PBXBuildFile; fileRef = 3EBF1B161E1962B100608E9C /* Interactable.swift */; };
		3EBF1B231E196B7A00608E9C /* RenderView+Interaction.swift in Sources */ = {isa = PBXBuildFile; fileRef = 3EBF1B221E196B7A00608E9C /* RenderView+Interaction.swift */; };
		3EBF1B241E196B7A00608E9C /* RenderView+Interaction.swift in Sources */ = {isa = PBXBuildFile; fileRef = 3EBF1B221E196B7A00608E9C /* RenderView+Interaction.swift */; };
		3EC388811E365EE8006ED5C7 /* Color.swift in Sources */ = {isa = PBXBuildFile; fileRef = 3EC388801E365EE8006ED5C7 /* Color.swift */; };
		3EC388821E365EE8006ED5C7 /* Color.swift in Sources */ = {isa = PBXBuildFile; fileRef = 3EC388801E365EE8006ED5C7 /* Color.swift */; };
		3EC388831E365EE8006ED5C7 /* Color.swift in Sources */ = {isa = PBXBuildFile; fileRef = 3EC388801E365EE8006ED5C7 /* Color.swift */; };
		3ECD41711E16930B00B64CE3 /* RenderView.swift in Sources */ = {isa = PBXBuildFile; fileRef = 3E76602E1E15294900C302BE /* RenderView.swift */; };
/* End PBXBuildFile section */

/* Begin PBXContainerItemProxy section */
		3EBF1B1A1E19640A00608E9C /* PBXContainerItemProxy */ = {
			isa = PBXContainerItemProxy;
			containerPortal = 3E8E66A61DE8781600DBB707 /* Project object */;
			proxyType = 1;
			remoteGlobalIDString = 3E7660331E155B6F00C302BE;
			remoteInfo = Metal2DMac;
		};
		3EBF1B201E196AE200608E9C /* PBXContainerItemProxy */ = {
			isa = PBXContainerItemProxy;
			containerPortal = 3E8E66A61DE8781600DBB707 /* Project object */;
			proxyType = 1;
			remoteGlobalIDString = 3E8E66AD1DE8781600DBB707;
			remoteInfo = Metal2DiOS;
		};
/* End PBXContainerItemProxy section */

/* Begin PBXFileReference section */
		3E13945E1E26D1FB001BE860 /* LineNode.swift */ = {isa = PBXFileReference; fileEncoding = 4; lastKnownFileType = sourcecode.swift; path = LineNode.swift; sourceTree = "<group>"; };
		3E2AA1001E16CF2700912C7F /* ExampleScene.swift */ = {isa = PBXFileReference; fileEncoding = 4; lastKnownFileType = sourcecode.swift; path = ExampleScene.swift; sourceTree = "<group>"; };
		3E65C0BD1E38E84B0083BBE2 /* AnimationCurve.swift */ = {isa = PBXFileReference; fileEncoding = 4; lastKnownFileType = sourcecode.swift; path = AnimationCurve.swift; sourceTree = "<group>"; };
		3E76602E1E15294900C302BE /* RenderView.swift */ = {isa = PBXFileReference; fileEncoding = 4; lastKnownFileType = sourcecode.swift; path = RenderView.swift; sourceTree = "<group>"; };
		3E7660341E155B6F00C302BE /* Metal2DMac.app */ = {isa = PBXFileReference; explicitFileType = wrapper.application; includeInIndex = 0; path = Metal2DMac.app; sourceTree = BUILT_PRODUCTS_DIR; };
		3E7660361E155B6F00C302BE /* AppDelegate.swift */ = {isa = PBXFileReference; lastKnownFileType = sourcecode.swift; path = AppDelegate.swift; sourceTree = "<group>"; };
		3E7660381E155B6F00C302BE /* ViewController.swift */ = {isa = PBXFileReference; lastKnownFileType = sourcecode.swift; path = ViewController.swift; sourceTree = "<group>"; };
		3E76603D1E155B6F00C302BE /* Base */ = {isa = PBXFileReference; lastKnownFileType = file.storyboard; name = Base; path = Base.lproj/Main.storyboard; sourceTree = "<group>"; };
		3E76603F1E155B6F00C302BE /* Info.plist */ = {isa = PBXFileReference; lastKnownFileType = text.plist.xml; path = Info.plist; sourceTree = "<group>"; };
		3E76604A1E15619F00C302BE /* Metal.framework */ = {isa = PBXFileReference; lastKnownFileType = wrapper.framework; name = Metal.framework; path = Platforms/MacOSX.platform/Developer/SDKs/MacOSX10.12.sdk/System/Library/Frameworks/Metal.framework; sourceTree = DEVELOPER_DIR; };
		3E76604C1E1561A400C302BE /* MetalKit.framework */ = {isa = PBXFileReference; lastKnownFileType = wrapper.framework; name = MetalKit.framework; path = Platforms/MacOSX.platform/Developer/SDKs/MacOSX10.12.sdk/System/Library/Frameworks/MetalKit.framework; sourceTree = DEVELOPER_DIR; };
		3E76604E1E1561AD00C302BE /* ModelIO.framework */ = {isa = PBXFileReference; lastKnownFileType = wrapper.framework; name = ModelIO.framework; path = Platforms/MacOSX.platform/Developer/SDKs/MacOSX10.12.sdk/System/Library/Frameworks/ModelIO.framework; sourceTree = DEVELOPER_DIR; };
		3E7E02731E1AA4770000165D /* CGPoint+Math.swift */ = {isa = PBXFileReference; fileEncoding = 4; lastKnownFileType = sourcecode.swift; path = "CGPoint+Math.swift"; sourceTree = "<group>"; };
		3E7E02761E1AA4960000165D /* CGSize+Math.swift */ = {isa = PBXFileReference; fileEncoding = 4; lastKnownFileType = sourcecode.swift; path = "CGSize+Math.swift"; sourceTree = "<group>"; };
		3E80B2391E16A35D0005956A /* AppDelegate.swift */ = {isa = PBXFileReference; fileEncoding = 4; lastKnownFileType = sourcecode.swift; path = AppDelegate.swift; sourceTree = "<group>"; };
		3E80B23A1E16A35D0005956A /* Assets.xcassets */ = {isa = PBXFileReference; lastKnownFileType = folder.assetcatalog; path = Assets.xcassets; sourceTree = "<group>"; };
		3E80B23C1E16A35D0005956A /* Base */ = {isa = PBXFileReference; lastKnownFileType = file.storyboard; name = Base; path = Base.lproj/LaunchScreen.storyboard; sourceTree = "<group>"; };
		3E80B2401E16A35D0005956A /* GameViewController.swift */ = {isa = PBXFileReference; fileEncoding = 4; lastKnownFileType = sourcecode.swift; path = GameViewController.swift; sourceTree = "<group>"; };
		3E80B2411E16A35D0005956A /* Info.plist */ = {isa = PBXFileReference; fileEncoding = 4; lastKnownFileType = text.plist.xml; path = Info.plist; sourceTree = "<group>"; };
		3E8E66AE1DE8781600DBB707 /* Metal2DiOS.app */ = {isa = PBXFileReference; explicitFileType = wrapper.application; includeInIndex = 0; path = Metal2DiOS.app; sourceTree = BUILT_PRODUCTS_DIR; };
		3E8E66B11DE8781600DBB707 /* Metal.framework */ = {isa = PBXFileReference; lastKnownFileType = wrapper.framework; name = Metal.framework; path = System/Library/Frameworks/Metal.framework; sourceTree = SDKROOT; };
		3E8E66B31DE8781600DBB707 /* MetalKit.framework */ = {isa = PBXFileReference; lastKnownFileType = wrapper.framework; name = MetalKit.framework; path = System/Library/Frameworks/MetalKit.framework; sourceTree = SDKROOT; };
		3E8E66B51DE8781600DBB707 /* ModelIO.framework */ = {isa = PBXFileReference; lastKnownFileType = wrapper.framework; name = ModelIO.framework; path = System/Library/Frameworks/ModelIO.framework; sourceTree = SDKROOT; };
		3E8E66BC1DE8781600DBB707 /* Shaders.metal */ = {isa = PBXFileReference; lastKnownFileType = sourcecode.metal; path = Shaders.metal; sourceTree = "<group>"; };
		3E8E66CB1DE8781700DBB707 /* Metal2DTests.xctest */ = {isa = PBXFileReference; explicitFileType = wrapper.cfbundle; includeInIndex = 0; path = Metal2DTests.xctest; sourceTree = BUILT_PRODUCTS_DIR; };
		3E8E66CF1DE8781700DBB707 /* Metal2DTests.swift */ = {isa = PBXFileReference; lastKnownFileType = sourcecode.swift; path = Metal2DTests.swift; sourceTree = "<group>"; };
		3E8E66D11DE8781700DBB707 /* Info.plist */ = {isa = PBXFileReference; lastKnownFileType = text.plist.xml; path = Info.plist; sourceTree = "<group>"; };
		3E8E66DB1DE8787500DBB707 /* Node.swift */ = {isa = PBXFileReference; fileEncoding = 4; lastKnownFileType = sourcecode.swift; path = Node.swift; sourceTree = "<group>"; usesTabs = 1; };
		3E8E66DE1DE8789800DBB707 /* Scene.swift */ = {isa = PBXFileReference; fileEncoding = 4; lastKnownFileType = sourcecode.swift; path = Scene.swift; sourceTree = "<group>"; usesTabs = 1; };
		3E8E66E41DE89D4300DBB707 /* TextureNode.swift */ = {isa = PBXFileReference; fileEncoding = 4; lastKnownFileType = sourcecode.swift; path = TextureNode.swift; sourceTree = "<group>"; usesTabs = 1; };
		3EA163F81E36A88100DFDA42 /* Animator.swift */ = {isa = PBXFileReference; fileEncoding = 4; lastKnownFileType = sourcecode.swift; path = Animator.swift; sourceTree = "<group>"; };
		3EAF82021DF30F23003D229F /* Screen.swift */ = {isa = PBXFileReference; fileEncoding = 4; lastKnownFileType = sourcecode.swift; path = Screen.swift; sourceTree = "<group>"; usesTabs = 1; };
		3EBF1B161E1962B100608E9C /* Interactable.swift */ = {isa = PBXFileReference; fileEncoding = 4; lastKnownFileType = sourcecode.swift; path = Interactable.swift; sourceTree = "<group>"; };
		3EBF1B221E196B7A00608E9C /* RenderView+Interaction.swift */ = {isa = PBXFileReference; fileEncoding = 4; lastKnownFileType = sourcecode.swift; path = "RenderView+Interaction.swift"; sourceTree = "<group>"; };
		3EBF1B251E196C6400608E9C /* AppKit.framework */ = {isa = PBXFileReference; lastKnownFileType = wrapper.framework; name = AppKit.framework; path = Platforms/MacOSX.platform/Developer/SDKs/MacOSX10.12.sdk/System/Library/Frameworks/AppKit.framework; sourceTree = DEVELOPER_DIR; };
		3EC388801E365EE8006ED5C7 /* Color.swift */ = {isa = PBXFileReference; fileEncoding = 4; lastKnownFileType = sourcecode.swift; path = Color.swift; sourceTree = "<group>"; };
/* End PBXFileReference section */

/* Begin PBXFrameworksBuildPhase section */
		3E7660311E155B6F00C302BE /* Frameworks */ = {
			isa = PBXFrameworksBuildPhase;
			buildActionMask = 2147483647;
			files = (
				3E76604F1E1561AD00C302BE /* ModelIO.framework in Frameworks */,
				3E76604D1E1561A400C302BE /* MetalKit.framework in Frameworks */,
				3E76604B1E15619F00C302BE /* Metal.framework in Frameworks */,
			);
			runOnlyForDeploymentPostprocessing = 0;
		};
		3E8E66AB1DE8781600DBB707 /* Frameworks */ = {
			isa = PBXFrameworksBuildPhase;
			buildActionMask = 2147483647;
			files = (
				3E8E66B61DE8781600DBB707 /* ModelIO.framework in Frameworks */,
				3E8E66B21DE8781600DBB707 /* Metal.framework in Frameworks */,
				3E8E66B41DE8781600DBB707 /* MetalKit.framework in Frameworks */,
			);
			runOnlyForDeploymentPostprocessing = 0;
		};
		3E8E66C81DE8781700DBB707 /* Frameworks */ = {
			isa = PBXFrameworksBuildPhase;
			buildActionMask = 2147483647;
			files = (
			);
			runOnlyForDeploymentPostprocessing = 0;
		};
/* End PBXFrameworksBuildPhase section */

/* Begin PBXGroup section */
		3E2AA0FF1E16CF0E00912C7F /* Example */ = {
			isa = PBXGroup;
			children = (
				3E2AA1001E16CF2700912C7F /* ExampleScene.swift */,
			);
			path = Example;
			sourceTree = "<group>";
		};
		3E7660351E155B6F00C302BE /* Metal2DMac */ = {
			isa = PBXGroup;
			children = (
				3E7660361E155B6F00C302BE /* AppDelegate.swift */,
				3E7660381E155B6F00C302BE /* ViewController.swift */,
				3E76603C1E155B6F00C302BE /* Main.storyboard */,
				3E76603F1E155B6F00C302BE /* Info.plist */,
			);
			path = Metal2DMac;
			sourceTree = "<group>";
		};
		3E7E02721E1AA4690000165D /* Vector Math */ = {
			isa = PBXGroup;
			children = (
				3E7E02731E1AA4770000165D /* CGPoint+Math.swift */,
				3E7E02761E1AA4960000165D /* CGSize+Math.swift */,
			);
			path = "Vector Math";
			sourceTree = "<group>";
		};
		3E80B2381E16A35D0005956A /* Metal2DiOS */ = {
			isa = PBXGroup;
			children = (
				3E80B2391E16A35D0005956A /* AppDelegate.swift */,
				3E80B23A1E16A35D0005956A /* Assets.xcassets */,
				3E80B23B1E16A35D0005956A /* LaunchScreen.storyboard */,
				3E80B2401E16A35D0005956A /* GameViewController.swift */,
				3E80B2411E16A35D0005956A /* Info.plist */,
			);
			path = Metal2DiOS;
			sourceTree = "<group>";
		};
		3E8E66A51DE8781600DBB707 = {
			isa = PBXGroup;
			children = (
				3E8E66B71DE8781600DBB707 /* Metal2D */,
				3E2AA0FF1E16CF0E00912C7F /* Example */,
				3E80B2381E16A35D0005956A /* Metal2DiOS */,
				3E8E66CE1DE8781700DBB707 /* Metal2DTests */,
				3E7660351E155B6F00C302BE /* Metal2DMac */,
				3E8E66B01DE8781600DBB707 /* Frameworks */,
				3E8E66AF1DE8781600DBB707 /* Products */,
			);
			sourceTree = "<group>";
		};
		3E8E66AF1DE8781600DBB707 /* Products */ = {
			isa = PBXGroup;
			children = (
				3E8E66AE1DE8781600DBB707 /* Metal2DiOS.app */,
				3E8E66CB1DE8781700DBB707 /* Metal2DTests.xctest */,
				3E7660341E155B6F00C302BE /* Metal2DMac.app */,
			);
			name = Products;
			sourceTree = "<group>";
		};
		3E8E66B01DE8781600DBB707 /* Frameworks */ = {
			isa = PBXGroup;
			children = (
				3EBF1B251E196C6400608E9C /* AppKit.framework */,
				3E76604E1E1561AD00C302BE /* ModelIO.framework */,
				3E76604C1E1561A400C302BE /* MetalKit.framework */,
				3E76604A1E15619F00C302BE /* Metal.framework */,
				3E8E66B11DE8781600DBB707 /* Metal.framework */,
				3E8E66B31DE8781600DBB707 /* MetalKit.framework */,
				3E8E66B51DE8781600DBB707 /* ModelIO.framework */,
			);
			name = Frameworks;
			sourceTree = "<group>";
		};
		3E8E66B71DE8781600DBB707 /* Metal2D */ = {
			isa = PBXGroup;
			children = (
				3E8E66DA1DE8786500DBB707 /* Nodes */,
				3EBF1B151E19629000608E9C /* Interaction */,
				3EA163F71E36A86C00DFDA42 /* Animation */,
				3E7E02721E1AA4690000165D /* Vector Math */,
				3EC3887F1E365E83006ED5C7 /* Data */,
				3E8E66BC1DE8781600DBB707 /* Shaders.metal */,
				3E76602E1E15294900C302BE /* RenderView.swift */,
			);
			path = Metal2D;
			sourceTree = "<group>";
		};
		3E8E66CE1DE8781700DBB707 /* Metal2DTests */ = {
			isa = PBXGroup;
			children = (
				3E8E66CF1DE8781700DBB707 /* Metal2DTests.swift */,
				3E8E66D11DE8781700DBB707 /* Info.plist */,
			);
			path = Metal2DTests;
			sourceTree = "<group>";
		};
		3E8E66DA1DE8786500DBB707 /* Nodes */ = {
			isa = PBXGroup;
			children = (
				3E8E66DB1DE8787500DBB707 /* Node.swift */,
				3E8E66DE1DE8789800DBB707 /* Scene.swift */,
				3E8E66E41DE89D4300DBB707 /* TextureNode.swift */,
				3EAF82021DF30F23003D229F /* Screen.swift */,
				3E13945E1E26D1FB001BE860 /* LineNode.swift */,
			);
			path = Nodes;
			sourceTree = "<group>";
		};
		3EA163F71E36A86C00DFDA42 /* Animation */ = {
			isa = PBXGroup;
			children = (
				3EA163F81E36A88100DFDA42 /* Animator.swift */,
				3E65C0BD1E38E84B0083BBE2 /* AnimationCurve.swift */,
			);
			path = Animation;
			sourceTree = "<group>";
		};
		3EBF1B151E19629000608E9C /* Interaction */ = {
			isa = PBXGroup;
			children = (
				3EBF1B161E1962B100608E9C /* Interactable.swift */,
				3EBF1B221E196B7A00608E9C /* RenderView+Interaction.swift */,
			);
			path = Interaction;
			sourceTree = "<group>";
		};
		3EC3887F1E365E83006ED5C7 /* Data */ = {
			isa = PBXGroup;
			children = (
				3EC388801E365EE8006ED5C7 /* Color.swift */,
			);
			path = Data;
			sourceTree = "<group>";
		};
/* End PBXGroup section */

/* Begin PBXNativeTarget section */
		3E7660331E155B6F00C302BE /* Metal2DMac */ = {
			isa = PBXNativeTarget;
			buildConfigurationList = 3E7660401E155B6F00C302BE /* Build configuration list for PBXNativeTarget "Metal2DMac" */;
			buildPhases = (
				3E7660301E155B6F00C302BE /* Sources */,
				3E7660311E155B6F00C302BE /* Frameworks */,
				3E7660321E155B6F00C302BE /* Resources */,
			);
			buildRules = (
			);
			dependencies = (
			);
			name = Metal2DMac;
			productName = Metal2DMac;
			productReference = 3E7660341E155B6F00C302BE /* Metal2DMac.app */;
			productType = "com.apple.product-type.application";
		};
		3E8E66AD1DE8781600DBB707 /* Metal2DiOS */ = {
			isa = PBXNativeTarget;
			buildConfigurationList = 3E8E66D41DE8781700DBB707 /* Build configuration list for PBXNativeTarget "Metal2DiOS" */;
			buildPhases = (
				3E8E66AA1DE8781600DBB707 /* Sources */,
				3E8E66AB1DE8781600DBB707 /* Frameworks */,
				3E8E66AC1DE8781600DBB707 /* Resources */,
			);
			buildRules = (
			);
			dependencies = (
			);
			name = Metal2DiOS;
			productName = Metal2D;
			productReference = 3E8E66AE1DE8781600DBB707 /* Metal2DiOS.app */;
			productType = "com.apple.product-type.application";
		};
		3E8E66CA1DE8781700DBB707 /* Metal2DTests */ = {
			isa = PBXNativeTarget;
			buildConfigurationList = 3E8E66D71DE8781700DBB707 /* Build configuration list for PBXNativeTarget "Metal2DTests" */;
			buildPhases = (
				3E8E66C71DE8781700DBB707 /* Sources */,
				3E8E66C81DE8781700DBB707 /* Frameworks */,
				3E8E66C91DE8781700DBB707 /* Resources */,
			);
			buildRules = (
			);
			dependencies = (
				3EBF1B1B1E19640A00608E9C /* PBXTargetDependency */,
				3EBF1B211E196AE200608E9C /* PBXTargetDependency */,
			);
			name = Metal2DTests;
			productName = Metal2DTests;
			productReference = 3E8E66CB1DE8781700DBB707 /* Metal2DTests.xctest */;
			productType = "com.apple.product-type.bundle.unit-test";
		};
/* End PBXNativeTarget section */

/* Begin PBXProject section */
		3E8E66A61DE8781600DBB707 /* Project object */ = {
			isa = PBXProject;
			attributes = {
				LastSwiftUpdateCheck = 0820;
				LastUpgradeCheck = 0820;
				ORGANIZATIONNAME = pixelrock;
				TargetAttributes = {
					3E7660331E155B6F00C302BE = {
						CreatedOnToolsVersion = 8.2;
						ProvisioningStyle = Automatic;
					};
					3E8E66AD1DE8781600DBB707 = {
						CreatedOnToolsVersion = 8.2;
						ProvisioningStyle = Automatic;
					};
					3E8E66CA1DE8781700DBB707 = {
						CreatedOnToolsVersion = 8.2;
						ProvisioningStyle = Automatic;
					};
				};
			};
			buildConfigurationList = 3E8E66A91DE8781600DBB707 /* Build configuration list for PBXProject "Metal2D" */;
			compatibilityVersion = "Xcode 3.2";
			developmentRegion = English;
			hasScannedForEncodings = 0;
			knownRegions = (
				en,
				Base,
			);
			mainGroup = 3E8E66A51DE8781600DBB707;
			productRefGroup = 3E8E66AF1DE8781600DBB707 /* Products */;
			projectDirPath = "";
			projectRoot = "";
			targets = (
				3E8E66AD1DE8781600DBB707 /* Metal2DiOS */,
				3E8E66CA1DE8781700DBB707 /* Metal2DTests */,
				3E7660331E155B6F00C302BE /* Metal2DMac */,
			);
		};
/* End PBXProject section */

/* Begin PBXResourcesBuildPhase section */
		3E7660321E155B6F00C302BE /* Resources */ = {
			isa = PBXResourcesBuildPhase;
			buildActionMask = 2147483647;
			files = (
				3E76603E1E155B6F00C302BE /* Main.storyboard in Resources */,
				3E2AA0FE1E16A5D900912C7F /* Assets.xcassets in Resources */,
			);
			runOnlyForDeploymentPostprocessing = 0;
		};
		3E8E66AC1DE8781600DBB707 /* Resources */ = {
			isa = PBXResourcesBuildPhase;
			buildActionMask = 2147483647;
			files = (
				3E80B2431E16A35D0005956A /* Assets.xcassets in Resources */,
				3E80B2441E16A35D0005956A /* LaunchScreen.storyboard in Resources */,
			);
			runOnlyForDeploymentPostprocessing = 0;
		};
		3E8E66C91DE8781700DBB707 /* Resources */ = {
			isa = PBXResourcesBuildPhase;
			buildActionMask = 2147483647;
			files = (
			);
			runOnlyForDeploymentPostprocessing = 0;
		};
/* End PBXResourcesBuildPhase section */

/* Begin PBXSourcesBuildPhase section */
		3E7660301E155B6F00C302BE /* Sources */ = {
			isa = PBXSourcesBuildPhase;
			buildActionMask = 2147483647;
			files = (
				3E65C0C01E38E84B0083BBE2 /* AnimationCurve.swift in Sources */,
				3E7660441E155B9000C302BE /* Scene.swift in Sources */,
				3E7660471E155B9000C302BE /* Shaders.metal in Sources */,
				3E2AA1021E16CF2700912C7F /* ExampleScene.swift in Sources */,
				3E7660431E155B9000C302BE /* Node.swift in Sources */,
				3EA163FB1E36A88100DFDA42 /* Animator.swift in Sources */,
				3E7660391E155B6F00C302BE /* ViewController.swift in Sources */,
				3E7660451E155B9000C302BE /* TextureNode.swift in Sources */,
				3E7E02751E1AA4770000165D /* CGPoint+Math.swift in Sources */,
				3E1394611E26D1FB001BE860 /* LineNode.swift in Sources */,
				3EC388831E365EE8006ED5C7 /* Color.swift in Sources */,
				3E7660371E155B6F00C302BE /* AppDelegate.swift in Sources */,
				3E7660491E155B9000C302BE /* RenderView.swift in Sources */,
				3E7660461E155B9000C302BE /* Screen.swift in Sources */,
				3EBF1B191E1962B100608E9C /* Interactable.swift in Sources */,
				3E7E02781E1AA4960000165D /* CGSize+Math.swift in Sources */,
				3EBF1B241E196B7A00608E9C /* RenderView+Interaction.swift in Sources */,
			);
			runOnlyForDeploymentPostprocessing = 0;
		};
		3E8E66AA1DE8781600DBB707 /* Sources */ = {
			isa = PBXSourcesBuildPhase;
			buildActionMask = 2147483647;
			files = (
				3E65C0BE1E38E84B0083BBE2 /* AnimationCurve.swift in Sources */,
				3E8E66BD1DE8781600DBB707 /* Shaders.metal in Sources */,
				3E8E66DF1DE8789800DBB707 /* Scene.swift in Sources */,
				3E8E66DC1DE8787500DBB707 /* Node.swift in Sources */,
				3E8E66E51DE89D4300DBB707 /* TextureNode.swift in Sources */,
				3EA163F91E36A88100DFDA42 /* Animator.swift in Sources */,
				3E80B2471E16A35D0005956A /* GameViewController.swift in Sources */,
				3E80B2421E16A35D0005956A /* AppDelegate.swift in Sources */,
				3E7E02741E1AA4770000165D /* CGPoint+Math.swift in Sources */,
				3E13945F1E26D1FB001BE860 /* LineNode.swift in Sources */,
				3EC388811E365EE8006ED5C7 /* Color.swift in Sources */,
				3EAF82031DF30F23003D229F /* Screen.swift in Sources */,
				3E76602F1E15294900C302BE /* RenderView.swift in Sources */,
				3E2AA1011E16CF2700912C7F /* ExampleScene.swift in Sources */,
				3EBF1B171E1962B100608E9C /* Interactable.swift in Sources */,
				3E7E02771E1AA4960000165D /* CGSize+Math.swift in Sources */,
				3EBF1B231E196B7A00608E9C /* RenderView+Interaction.swift in Sources */,
			);
			runOnlyForDeploymentPostprocessing = 0;
		};
		3E8E66C71DE8781700DBB707 /* Sources */ = {
			isa = PBXSourcesBuildPhase;
			buildActionMask = 2147483647;
			files = (
				3EA163FA1E36A88100DFDA42 /* Animator.swift in Sources */,
				3E8E66D01DE8781700DBB707 /* Metal2DTests.swift in Sources */,
				3E1394601E26D1FB001BE860 /* LineNode.swift in Sources */,
				3EC388821E365EE8006ED5C7 /* Color.swift in Sources */,
				3E8E66DD1DE8787500DBB707 /* Node.swift in Sources */,
				3E8E66E01DE8789800DBB707 /* Scene.swift in Sources */,
				3E7E027A1E1AA49B0000165D /* CGSize+Math.swift in Sources */,
				3E8E66E61DE89D4300DBB707 /* TextureNode.swift in Sources */,
				3ECD41711E16930B00B64CE3 /* RenderView.swift in Sources */,
				3EBF1B181E1962B100608E9C /* Interactable.swift in Sources */,
				3E7E02791E1AA49B0000165D /* CGPoint+Math.swift in Sources */,
				3E65C0BF1E38E84B0083BBE2 /* AnimationCurve.swift in Sources */,
				3EAF82041DF30F23003D229F /* Screen.swift in Sources */,
			);
			runOnlyForDeploymentPostprocessing = 0;
		};
/* End PBXSourcesBuildPhase section */

/* Begin PBXTargetDependency section */
		3EBF1B1B1E19640A00608E9C /* PBXTargetDependency */ = {
			isa = PBXTargetDependency;
			target = 3E7660331E155B6F00C302BE /* Metal2DMac */;
			targetProxy = 3EBF1B1A1E19640A00608E9C /* PBXContainerItemProxy */;
		};
		3EBF1B211E196AE200608E9C /* PBXTargetDependency */ = {
			isa = PBXTargetDependency;
			target = 3E8E66AD1DE8781600DBB707 /* Metal2DiOS */;
			targetProxy = 3EBF1B201E196AE200608E9C /* PBXContainerItemProxy */;
		};
/* End PBXTargetDependency section */

/* Begin PBXVariantGroup section */
		3E76603C1E155B6F00C302BE /* Main.storyboard */ = {
			isa = PBXVariantGroup;
			children = (
				3E76603D1E155B6F00C302BE /* Base */,
			);
			name = Main.storyboard;
			sourceTree = "<group>";
		};
		3E80B23B1E16A35D0005956A /* LaunchScreen.storyboard */ = {
			isa = PBXVariantGroup;
			children = (
				3E80B23C1E16A35D0005956A /* Base */,
			);
			name = LaunchScreen.storyboard;
			sourceTree = "<group>";
		};
/* End PBXVariantGroup section */

/* Begin XCBuildConfiguration section */
		3E7660411E155B6F00C302BE /* Debug */ = {
			isa = XCBuildConfiguration;
			buildSettings = {
				ARCHS = "$(ARCHS_STANDARD_64_BIT)";
				ASSETCATALOG_COMPILER_APPICON_NAME = AppIcon;
				COMBINE_HIDPI_IMAGES = YES;
				INFOPLIST_FILE = Metal2DMac/Info.plist;
				LD_RUNPATH_SEARCH_PATHS = "$(inherited) @executable_path/../Frameworks";
				MACOSX_DEPLOYMENT_TARGET = 10.11;
				PRODUCT_BUNDLE_IDENTIFIER = pixelrock.Metal2DMac;
				PRODUCT_NAME = "$(TARGET_NAME)";
				SDKROOT = macosx;
				SWIFT_VERSION = 3.0;
				VALID_ARCHS = x86_64;
			};
			name = Debug;
		};
		3E7660421E155B6F00C302BE /* Release */ = {
			isa = XCBuildConfiguration;
			buildSettings = {
				ARCHS = "$(ARCHS_STANDARD_64_BIT)";
				ASSETCATALOG_COMPILER_APPICON_NAME = AppIcon;
				COMBINE_HIDPI_IMAGES = YES;
				INFOPLIST_FILE = Metal2DMac/Info.plist;
				LD_RUNPATH_SEARCH_PATHS = "$(inherited) @executable_path/../Frameworks";
				MACOSX_DEPLOYMENT_TARGET = 10.11;
				PRODUCT_BUNDLE_IDENTIFIER = pixelrock.Metal2DMac;
				PRODUCT_NAME = "$(TARGET_NAME)";
				SDKROOT = macosx;
				SWIFT_VERSION = 3.0;
				VALID_ARCHS = x86_64;
			};
			name = Release;
		};
		3E8E66D21DE8781700DBB707 /* Debug */ = {
			isa = XCBuildConfiguration;
			buildSettings = {
				ALWAYS_SEARCH_USER_PATHS = NO;
				CLANG_ANALYZER_NONNULL = YES;
				CLANG_CXX_LANGUAGE_STANDARD = "gnu++0x";
				CLANG_CXX_LIBRARY = "libc++";
				CLANG_ENABLE_MODULES = YES;
				CLANG_ENABLE_OBJC_ARC = YES;
				CLANG_WARN_BOOL_CONVERSION = YES;
				CLANG_WARN_CONSTANT_CONVERSION = YES;
				CLANG_WARN_DIRECT_OBJC_ISA_USAGE = YES_ERROR;
				CLANG_WARN_DOCUMENTATION_COMMENTS = YES;
				CLANG_WARN_EMPTY_BODY = YES;
				CLANG_WARN_ENUM_CONVERSION = YES;
				CLANG_WARN_INFINITE_RECURSION = YES;
				CLANG_WARN_INT_CONVERSION = YES;
				CLANG_WARN_OBJC_ROOT_CLASS = YES_ERROR;
				CLANG_WARN_SUSPICIOUS_MOVE = YES;
				CLANG_WARN_UNREACHABLE_CODE = YES;
				CLANG_WARN__DUPLICATE_METHOD_MATCH = YES;
				"CODE_SIGN_IDENTITY[sdk=iphoneos*]" = "iPhone Developer";
				COPY_PHASE_STRIP = NO;
				DEBUG_INFORMATION_FORMAT = dwarf;
				ENABLE_STRICT_OBJC_MSGSEND = YES;
				ENABLE_TESTABILITY = YES;
				GCC_C_LANGUAGE_STANDARD = gnu99;
				GCC_DYNAMIC_NO_PIC = NO;
				GCC_NO_COMMON_BLOCKS = YES;
				GCC_OPTIMIZATION_LEVEL = 0;
				GCC_PREPROCESSOR_DEFINITIONS = (
					"DEBUG=1",
					"$(inherited)",
				);
				GCC_WARN_64_TO_32_BIT_CONVERSION = YES;
				GCC_WARN_ABOUT_RETURN_TYPE = YES_ERROR;
				GCC_WARN_UNDECLARED_SELECTOR = YES;
				GCC_WARN_UNINITIALIZED_AUTOS = YES_AGGRESSIVE;
				GCC_WARN_UNUSED_FUNCTION = YES;
				GCC_WARN_UNUSED_VARIABLE = YES;
				IPHONEOS_DEPLOYMENT_TARGET = 10.2;
				MTL_ENABLE_DEBUG_INFO = YES;
				ONLY_ACTIVE_ARCH = YES;
				SDKROOT = iphoneos;
				SWIFT_ACTIVE_COMPILATION_CONDITIONS = DEBUG;
				SWIFT_OPTIMIZATION_LEVEL = "-Onone";
				TARGETED_DEVICE_FAMILY = "1,2";
			};
			name = Debug;
		};
		3E8E66D31DE8781700DBB707 /* Release */ = {
			isa = XCBuildConfiguration;
			buildSettings = {
				ALWAYS_SEARCH_USER_PATHS = NO;
				CLANG_ANALYZER_NONNULL = YES;
				CLANG_CXX_LANGUAGE_STANDARD = "gnu++0x";
				CLANG_CXX_LIBRARY = "libc++";
				CLANG_ENABLE_MODULES = YES;
				CLANG_ENABLE_OBJC_ARC = YES;
				CLANG_WARN_BOOL_CONVERSION = YES;
				CLANG_WARN_CONSTANT_CONVERSION = YES;
				CLANG_WARN_DIRECT_OBJC_ISA_USAGE = YES_ERROR;
				CLANG_WARN_DOCUMENTATION_COMMENTS = YES;
				CLANG_WARN_EMPTY_BODY = YES;
				CLANG_WARN_ENUM_CONVERSION = YES;
				CLANG_WARN_INFINITE_RECURSION = YES;
				CLANG_WARN_INT_CONVERSION = YES;
				CLANG_WARN_OBJC_ROOT_CLASS = YES_ERROR;
				CLANG_WARN_SUSPICIOUS_MOVE = YES;
				CLANG_WARN_UNREACHABLE_CODE = YES;
				CLANG_WARN__DUPLICATE_METHOD_MATCH = YES;
				"CODE_SIGN_IDENTITY[sdk=iphoneos*]" = "iPhone Developer";
				COPY_PHASE_STRIP = NO;
				DEBUG_INFORMATION_FORMAT = "dwarf-with-dsym";
				ENABLE_NS_ASSERTIONS = NO;
				ENABLE_STRICT_OBJC_MSGSEND = YES;
				GCC_C_LANGUAGE_STANDARD = gnu99;
				GCC_NO_COMMON_BLOCKS = YES;
				GCC_WARN_64_TO_32_BIT_CONVERSION = YES;
				GCC_WARN_ABOUT_RETURN_TYPE = YES_ERROR;
				GCC_WARN_UNDECLARED_SELECTOR = YES;
				GCC_WARN_UNINITIALIZED_AUTOS = YES_AGGRESSIVE;
				GCC_WARN_UNUSED_FUNCTION = YES;
				GCC_WARN_UNUSED_VARIABLE = YES;
				IPHONEOS_DEPLOYMENT_TARGET = 10.2;
				MTL_ENABLE_DEBUG_INFO = NO;
				SDKROOT = iphoneos;
				SWIFT_OPTIMIZATION_LEVEL = "-Owholemodule";
				TARGETED_DEVICE_FAMILY = "1,2";
				VALIDATE_PRODUCT = YES;
			};
			name = Release;
		};
		3E8E66D51DE8781700DBB707 /* Debug */ = {
			isa = XCBuildConfiguration;
			buildSettings = {
				ASSETCATALOG_COMPILER_APPICON_NAME = AppIcon;
				INFOPLIST_FILE = Metal2DiOS/Info.plist;
				LD_RUNPATH_SEARCH_PATHS = "$(inherited) @executable_path/Frameworks";
				PRODUCT_BUNDLE_IDENTIFIER = pixelrock.Metal2D;
				PRODUCT_NAME = "$(TARGET_NAME)";
				SWIFT_VERSION = 3.0;
			};
			name = Debug;
		};
		3E8E66D61DE8781700DBB707 /* Release */ = {
			isa = XCBuildConfiguration;
			buildSettings = {
				ASSETCATALOG_COMPILER_APPICON_NAME = AppIcon;
				INFOPLIST_FILE = Metal2DiOS/Info.plist;
				LD_RUNPATH_SEARCH_PATHS = "$(inherited) @executable_path/Frameworks";
				PRODUCT_BUNDLE_IDENTIFIER = pixelrock.Metal2D;
				PRODUCT_NAME = "$(TARGET_NAME)";
				SWIFT_VERSION = 3.0;
			};
			name = Release;
		};
		3EBF1B1E1E19669400608E9C /* Debug */ = {
			isa = XCBuildConfiguration;
			buildSettings = {
				COPY_PHASE_STRIP = NO;
				GCC_DYNAMIC_NO_PIC = NO;
				GCC_OPTIMIZATION_LEVEL = 0;
				PRODUCT_NAME = Metal2DTests;
				SWIFT_VERSION = 3.0;
			};
			name = Debug;
		};
		3EBF1B1F1E19669400608E9C /* Release */ = {
			isa = XCBuildConfiguration;
			buildSettings = {
				COPY_PHASE_STRIP = YES;
				DEBUG_INFORMATION_FORMAT = "dwarf-with-dsym";
				PRODUCT_NAME = Metal2DTests;
				SWIFT_VERSION = 3.0;
			};
			name = Release;
		};
/* End XCBuildConfiguration section */

/* Begin XCConfigurationList section */
		3E7660401E155B6F00C302BE /* Build configuration list for PBXNativeTarget "Metal2DMac" */ = {
			isa = XCConfigurationList;
			buildConfigurations = (
				3E7660411E155B6F00C302BE /* Debug */,
				3E7660421E155B6F00C302BE /* Release */,
			);
			defaultConfigurationIsVisible = 0;
			defaultConfigurationName = Release;
		};
		3E8E66A91DE8781600DBB707 /* Build configuration list for PBXProject "Metal2D" */ = {
			isa = XCConfigurationList;
			buildConfigurations = (
				3E8E66D21DE8781700DBB707 /* Debug */,
				3E8E66D31DE8781700DBB707 /* Release */,
			);
			defaultConfigurationIsVisible = 0;
			defaultConfigurationName = Release;
		};
		3E8E66D41DE8781700DBB707 /* Build configuration list for PBXNativeTarget "Metal2DiOS" */ = {
			isa = XCConfigurationList;
			buildConfigurations = (
				3E8E66D51DE8781700DBB707 /* Debug */,
				3E8E66D61DE8781700DBB707 /* Release */,
			);
			defaultConfigurationIsVisible = 0;
			defaultConfigurationName = Release;
		};
		3E8E66D71DE8781700DBB707 /* Build configuration list for PBXNativeTarget "Metal2DTests" */ = {
			isa = XCConfigurationList;
			buildConfigurations = (
				3EBF1B1E1E19669400608E9C /* Debug */,
				3EBF1B1F1E19669400608E9C /* Release */,
			);
			defaultConfigurationIsVisible = 0;
			defaultConfigurationName = Release;
		};
/* End XCConfigurationList section */
	};
	rootObject = 3E8E66A61DE8781600DBB707 /* Project object */;
}
